// !$*UTF8*$!
{
	archiveVersion = 1;
	classes = {
	};
	objectVersion = 51;
	objects = {

/* Begin PBXBuildFile section */
		188B68B422F2E0F800388040 /* AppDelegate.swift in Sources */ = {isa = PBXBuildFile; fileRef = 188B68B322F2E0F800388040 /* AppDelegate.swift */; };
		188B68B622F2E0F800388040 /* ViewController.swift in Sources */ = {isa = PBXBuildFile; fileRef = 188B68B522F2E0F800388040 /* ViewController.swift */; };
		188B68B922F2E0F800388040 /* Main.storyboard in Resources */ = {isa = PBXBuildFile; fileRef = 188B68B722F2E0F800388040 /* Main.storyboard */; };
		188B68BC22F2E0F800388040 /* KrueAgeCalculator.xcdatamodeld in Sources */ = {isa = PBXBuildFile; fileRef = 188B68BA22F2E0F800388040 /* KrueAgeCalculator.xcdatamodeld */; };
		188B68BE22F2E0FC00388040 /* Assets.xcassets in Resources */ = {isa = PBXBuildFile; fileRef = 188B68BD22F2E0FC00388040 /* Assets.xcassets */; };
		188B68C122F2E0FC00388040 /* LaunchScreen.storyboard in Resources */ = {isa = PBXBuildFile; fileRef = 188B68BF22F2E0FC00388040 /* LaunchScreen.storyboard */; };
		188B68C922F2E13500388040 /* Helper.swift in Sources */ = {isa = PBXBuildFile; fileRef = 188B68C822F2E13500388040 /* Helper.swift */; };
		188B68CB22F2F40400388040 /* FindYourAgeViewController.swift in Sources */ = {isa = PBXBuildFile; fileRef = 188B68CA22F2F40400388040 /* FindYourAgeViewController.swift */; };
		188B68CD22F2F42600388040 /* SaveBirthdayViewController.swift in Sources */ = {isa = PBXBuildFile; fileRef = 188B68CC22F2F42600388040 /* SaveBirthdayViewController.swift */; };
		188B68CF22F2F43300388040 /* AddBirthdayViewController.swift in Sources */ = {isa = PBXBuildFile; fileRef = 188B68CE22F2F43300388040 /* AddBirthdayViewController.swift */; };
		188B68D122F2F4B200388040 /* AboutAppViewController.swift in Sources */ = {isa = PBXBuildFile; fileRef = 188B68D022F2F4B200388040 /* AboutAppViewController.swift */; };
		5483824D231123AF001987BA /* EEDetailVC.xib in Resources */ = {isa = PBXBuildFile; fileRef = 5483824A231123AF001987BA /* EEDetailVC.xib */; };
		5483824E231123AF001987BA /* EEDetailVC.m in Sources */ = {isa = PBXBuildFile; fileRef = 5483824B231123AF001987BA /* EEDetailVC.m */; };
		548382FA231129E1001987BA /* UIAlertView+AFNetworking.m in Sources */ = {isa = PBXBuildFile; fileRef = 548382D3231129E0001987BA /* UIAlertView+AFNetworking.m */; };
		548382FB231129E1001987BA /* UIProgressView+AFNetworking.m in Sources */ = {isa = PBXBuildFile; fileRef = 548382D4231129E1001987BA /* UIProgressView+AFNetworking.m */; };
		548382FC231129E1001987BA /* UIRefreshControl+AFNetworking.m in Sources */ = {isa = PBXBuildFile; fileRef = 548382D6231129E1001987BA /* UIRefreshControl+AFNetworking.m */; };
		548382FD231129E1001987BA /* AFNetworkActivityIndicatorManager.m in Sources */ = {isa = PBXBuildFile; fileRef = 548382D8231129E1001987BA /* AFNetworkActivityIndicatorManager.m */; };
		548382FE231129E1001987BA /* UIImageView+AFNetworking.m in Sources */ = {isa = PBXBuildFile; fileRef = 548382DD231129E1001987BA /* UIImageView+AFNetworking.m */; };
		548382FF231129E1001987BA /* UIButton+AFNetworking.m in Sources */ = {isa = PBXBuildFile; fileRef = 548382E0231129E1001987BA /* UIButton+AFNetworking.m */; };
		54838300231129E1001987BA /* UIActivityIndicatorView+AFNetworking.m in Sources */ = {isa = PBXBuildFile; fileRef = 548382E1231129E1001987BA /* UIActivityIndicatorView+AFNetworking.m */; };
		54838301231129E1001987BA /* UIWebView+AFNetworking.m in Sources */ = {isa = PBXBuildFile; fileRef = 548382E2231129E1001987BA /* UIWebView+AFNetworking.m */; };
		54838302231129E1001987BA /* AFURLResponseSerialization.m in Sources */ = {isa = PBXBuildFile; fileRef = 548382EC231129E1001987BA /* AFURLResponseSerialization.m */; };
		54838303231129E1001987BA /* AFHTTPSessionManager.m in Sources */ = {isa = PBXBuildFile; fileRef = 548382ED231129E1001987BA /* AFHTTPSessionManager.m */; };
		54838304231129E1001987BA /* AFURLConnectionOperation.m in Sources */ = {isa = PBXBuildFile; fileRef = 548382EE231129E1001987BA /* AFURLConnectionOperation.m */; };
		54838305231129E1001987BA /* AFURLSessionManager.m in Sources */ = {isa = PBXBuildFile; fileRef = 548382F0231129E1001987BA /* AFURLSessionManager.m */; };
		54838306231129E1001987BA /* AFHTTPRequestOperationManager.m in Sources */ = {isa = PBXBuildFile; fileRef = 548382F1231129E1001987BA /* AFHTTPRequestOperationManager.m */; };
		54838307231129E1001987BA /* AFURLRequestSerialization.m in Sources */ = {isa = PBXBuildFile; fileRef = 548382F2231129E1001987BA /* AFURLRequestSerialization.m */; };
		54838308231129E1001987BA /* AFHTTPRequestOperation.m in Sources */ = {isa = PBXBuildFile; fileRef = 548382F3231129E1001987BA /* AFHTTPRequestOperation.m */; };
		54838309231129E1001987BA /* AFNetworkReachabilityManager.m in Sources */ = {isa = PBXBuildFile; fileRef = 548382F5231129E1001987BA /* AFNetworkReachabilityManager.m */; };
		5483830A231129E1001987BA /* AFSecurityPolicy.m in Sources */ = {isa = PBXBuildFile; fileRef = 548382F6231129E1001987BA /* AFSecurityPolicy.m */; };
		54838329231131E9001987BA /* NSLayoutConstraint+MASDebugAdditions.m in Sources */ = {isa = PBXBuildFile; fileRef = 5483830F231131E9001987BA /* NSLayoutConstraint+MASDebugAdditions.m */; };
		5483832A231131E9001987BA /* ViewController+MASAdditions.m in Sources */ = {isa = PBXBuildFile; fileRef = 54838318231131E9001987BA /* ViewController+MASAdditions.m */; };
		5483832B231131E9001987BA /* MASCompositeConstraint.m in Sources */ = {isa = PBXBuildFile; fileRef = 5483831C231131E9001987BA /* MASCompositeConstraint.m */; };
		5483832C231131E9001987BA /* MASConstraintMaker.m in Sources */ = {isa = PBXBuildFile; fileRef = 5483831D231131E9001987BA /* MASConstraintMaker.m */; };
		5483832D231131E9001987BA /* MASLayoutConstraint.m in Sources */ = {isa = PBXBuildFile; fileRef = 5483831E231131E9001987BA /* MASLayoutConstraint.m */; };
		5483832E231131E9001987BA /* NSArray+MASAdditions.m in Sources */ = {isa = PBXBuildFile; fileRef = 5483831F231131E9001987BA /* NSArray+MASAdditions.m */; };
		5483832F231131E9001987BA /* View+MASAdditions.m in Sources */ = {isa = PBXBuildFile; fileRef = 54838320231131E9001987BA /* View+MASAdditions.m */; };
		54838330231131E9001987BA /* MASConstraint.m in Sources */ = {isa = PBXBuildFile; fileRef = 54838323231131E9001987BA /* MASConstraint.m */; };
		54838331231131E9001987BA /* MASViewConstraint.m in Sources */ = {isa = PBXBuildFile; fileRef = 54838325231131E9001987BA /* MASViewConstraint.m */; };
		54838332231131E9001987BA /* MASViewAttribute.m in Sources */ = {isa = PBXBuildFile; fileRef = 54838326231131E9001987BA /* MASViewAttribute.m */; };
		9451043F2301921E00B6944F /* HistoryViewController.swift in Sources */ = {isa = PBXBuildFile; fileRef = 9451043E2301921E00B6944F /* HistoryViewController.swift */; };
		94779FF422FDAE3D0040BA40 /* MenuTableView.swift in Sources */ = {isa = PBXBuildFile; fileRef = 94779FF322FDAE3C0040BA40 /* MenuTableView.swift */; };
		94BBCDD82300611C00FC3792 /* SideMenuTableViewController.swift in Sources */ = {isa = PBXBuildFile; fileRef = 94BBCDD72300611C00FC3792 /* SideMenuTableViewController.swift */; };
		AA7EE61C55A646AB0666C1A7 /* Pods_KrueAgeCalculator.framework in Frameworks */ = {isa = PBXBuildFile; fileRef = 42B1FF83DD2669ED30E0B2A4 /* Pods_KrueAgeCalculator.framework */; };
/* End PBXBuildFile section */

/* Begin PBXFileReference section */
		188B68B022F2E0F800388040 /* KrueAgeCalculator.app */ = {isa = PBXFileReference; explicitFileType = wrapper.application; includeInIndex = 0; path = KrueAgeCalculator.app; sourceTree = BUILT_PRODUCTS_DIR; };
		188B68B322F2E0F800388040 /* AppDelegate.swift */ = {isa = PBXFileReference; lastKnownFileType = sourcecode.swift; path = AppDelegate.swift; sourceTree = "<group>"; };
		188B68B522F2E0F800388040 /* ViewController.swift */ = {isa = PBXFileReference; lastKnownFileType = sourcecode.swift; path = ViewController.swift; sourceTree = "<group>"; };
		188B68B822F2E0F800388040 /* Base */ = {isa = PBXFileReference; lastKnownFileType = file.storyboard; name = Base; path = Base.lproj/Main.storyboard; sourceTree = "<group>"; };
		188B68BB22F2E0F800388040 /* SmartAgeCalculator.xcdatamodel */ = {isa = PBXFileReference; lastKnownFileType = wrapper.xcdatamodel; path = SmartAgeCalculator.xcdatamodel; sourceTree = "<group>"; };
		188B68BD22F2E0FC00388040 /* Assets.xcassets */ = {isa = PBXFileReference; lastKnownFileType = folder.assetcatalog; path = Assets.xcassets; sourceTree = "<group>"; };
		188B68C022F2E0FC00388040 /* Base */ = {isa = PBXFileReference; lastKnownFileType = file.storyboard; name = Base; path = Base.lproj/LaunchScreen.storyboard; sourceTree = "<group>"; };
		188B68C222F2E0FC00388040 /* Info.plist */ = {isa = PBXFileReference; lastKnownFileType = text.plist.xml; path = Info.plist; sourceTree = "<group>"; };
		188B68C822F2E13500388040 /* Helper.swift */ = {isa = PBXFileReference; lastKnownFileType = sourcecode.swift; path = Helper.swift; sourceTree = "<group>"; };
		188B68CA22F2F40400388040 /* FindYourAgeViewController.swift */ = {isa = PBXFileReference; lastKnownFileType = sourcecode.swift; path = FindYourAgeViewController.swift; sourceTree = "<group>"; };
		188B68CC22F2F42600388040 /* SaveBirthdayViewController.swift */ = {isa = PBXFileReference; lastKnownFileType = sourcecode.swift; path = SaveBirthdayViewController.swift; sourceTree = "<group>"; };
		188B68CE22F2F43300388040 /* AddBirthdayViewController.swift */ = {isa = PBXFileReference; lastKnownFileType = sourcecode.swift; path = AddBirthdayViewController.swift; sourceTree = "<group>"; };
		188B68D022F2F4B200388040 /* AboutAppViewController.swift */ = {isa = PBXFileReference; lastKnownFileType = sourcecode.swift; path = AboutAppViewController.swift; sourceTree = "<group>"; };
		42B1FF83DD2669ED30E0B2A4 /* Pods_KrueAgeCalculator.framework */ = {isa = PBXFileReference; explicitFileType = wrapper.framework; includeInIndex = 0; path = Pods_KrueAgeCalculator.framework; sourceTree = BUILT_PRODUCTS_DIR; };
		54838249231123AE001987BA /* KrueAgeCalculator-Bridging-Header.h */ = {isa = PBXFileReference; lastKnownFileType = sourcecode.c.h; path = "KrueAgeCalculator-Bridging-Header.h"; sourceTree = "<group>"; };
		5483824A231123AF001987BA /* EEDetailVC.xib */ = {isa = PBXFileReference; fileEncoding = 4; lastKnownFileType = file.xib; path = EEDetailVC.xib; sourceTree = "<group>"; };
		5483824B231123AF001987BA /* EEDetailVC.m */ = {isa = PBXFileReference; fileEncoding = 4; lastKnownFileType = sourcecode.c.objc; path = EEDetailVC.m; sourceTree = "<group>"; };
		5483824C231123AF001987BA /* EEDetailVC.h */ = {isa = PBXFileReference; fileEncoding = 4; lastKnownFileType = sourcecode.c.h; path = EEDetailVC.h; sourceTree = "<group>"; };
		548382D3231129E0001987BA /* UIAlertView+AFNetworking.m */ = {isa = PBXFileReference; fileEncoding = 4; lastKnownFileType = sourcecode.c.objc; path = "UIAlertView+AFNetworking.m"; sourceTree = "<group>"; };
		548382D4231129E1001987BA /* UIProgressView+AFNetworking.m */ = {isa = PBXFileReference; fileEncoding = 4; lastKnownFileType = sourcecode.c.objc; path = "UIProgressView+AFNetworking.m"; sourceTree = "<group>"; };
		548382D5231129E1001987BA /* UIButton+AFNetworking.h */ = {isa = PBXFileReference; fileEncoding = 4; lastKnownFileType = sourcecode.c.h; path = "UIButton+AFNetworking.h"; sourceTree = "<group>"; };
		548382D6231129E1001987BA /* UIRefreshControl+AFNetworking.m */ = {isa = PBXFileReference; fileEncoding = 4; lastKnownFileType = sourcecode.c.objc; path = "UIRefreshControl+AFNetworking.m"; sourceTree = "<group>"; };
		548382D7231129E1001987BA /* UIImageView+AFNetworking.h */ = {isa = PBXFileReference; fileEncoding = 4; lastKnownFileType = sourcecode.c.h; path = "UIImageView+AFNetworking.h"; sourceTree = "<group>"; };
		548382D8231129E1001987BA /* AFNetworkActivityIndicatorManager.m */ = {isa = PBXFileReference; fileEncoding = 4; lastKnownFileType = sourcecode.c.objc; path = AFNetworkActivityIndicatorManager.m; sourceTree = "<group>"; };
		548382D9231129E1001987BA /* UIWebView+AFNetworking.h */ = {isa = PBXFileReference; fileEncoding = 4; lastKnownFileType = sourcecode.c.h; path = "UIWebView+AFNetworking.h"; sourceTree = "<group>"; };
		548382DA231129E1001987BA /* UIActivityIndicatorView+AFNetworking.h */ = {isa = PBXFileReference; fileEncoding = 4; lastKnownFileType = sourcecode.c.h; path = "UIActivityIndicatorView+AFNetworking.h"; sourceTree = "<group>"; };
		548382DB231129E1001987BA /* UIAlertView+AFNetworking.h */ = {isa = PBXFileReference; fileEncoding = 4; lastKnownFileType = sourcecode.c.h; path = "UIAlertView+AFNetworking.h"; sourceTree = "<group>"; };
		548382DC231129E1001987BA /* UIProgressView+AFNetworking.h */ = {isa = PBXFileReference; fileEncoding = 4; lastKnownFileType = sourcecode.c.h; path = "UIProgressView+AFNetworking.h"; sourceTree = "<group>"; };
		548382DD231129E1001987BA /* UIImageView+AFNetworking.m */ = {isa = PBXFileReference; fileEncoding = 4; lastKnownFileType = sourcecode.c.objc; path = "UIImageView+AFNetworking.m"; sourceTree = "<group>"; };
		548382DE231129E1001987BA /* UIKit+AFNetworking.h */ = {isa = PBXFileReference; fileEncoding = 4; lastKnownFileType = sourcecode.c.h; path = "UIKit+AFNetworking.h"; sourceTree = "<group>"; };
		548382DF231129E1001987BA /* UIRefreshControl+AFNetworking.h */ = {isa = PBXFileReference; fileEncoding = 4; lastKnownFileType = sourcecode.c.h; path = "UIRefreshControl+AFNetworking.h"; sourceTree = "<group>"; };
		548382E0231129E1001987BA /* UIButton+AFNetworking.m */ = {isa = PBXFileReference; fileEncoding = 4; lastKnownFileType = sourcecode.c.objc; path = "UIButton+AFNetworking.m"; sourceTree = "<group>"; };
		548382E1231129E1001987BA /* UIActivityIndicatorView+AFNetworking.m */ = {isa = PBXFileReference; fileEncoding = 4; lastKnownFileType = sourcecode.c.objc; path = "UIActivityIndicatorView+AFNetworking.m"; sourceTree = "<group>"; };
		548382E2231129E1001987BA /* UIWebView+AFNetworking.m */ = {isa = PBXFileReference; fileEncoding = 4; lastKnownFileType = sourcecode.c.objc; path = "UIWebView+AFNetworking.m"; sourceTree = "<group>"; };
		548382E3231129E1001987BA /* AFNetworkActivityIndicatorManager.h */ = {isa = PBXFileReference; fileEncoding = 4; lastKnownFileType = sourcecode.c.h; path = AFNetworkActivityIndicatorManager.h; sourceTree = "<group>"; };
		548382E5231129E1001987BA /* AFSecurityPolicy.h */ = {isa = PBXFileReference; fileEncoding = 4; lastKnownFileType = sourcecode.c.h; path = AFSecurityPolicy.h; sourceTree = "<group>"; };
		548382E6231129E1001987BA /* AFNetworkReachabilityManager.h */ = {isa = PBXFileReference; fileEncoding = 4; lastKnownFileType = sourcecode.c.h; path = AFNetworkReachabilityManager.h; sourceTree = "<group>"; };
		548382E7231129E1001987BA /* AFHTTPRequestOperation.h */ = {isa = PBXFileReference; fileEncoding = 4; lastKnownFileType = sourcecode.c.h; path = AFHTTPRequestOperation.h; sourceTree = "<group>"; };
		548382E8231129E1001987BA /* AFHTTPRequestOperationManager.h */ = {isa = PBXFileReference; fileEncoding = 4; lastKnownFileType = sourcecode.c.h; path = AFHTTPRequestOperationManager.h; sourceTree = "<group>"; };
		548382E9231129E1001987BA /* AFURLSessionManager.h */ = {isa = PBXFileReference; fileEncoding = 4; lastKnownFileType = sourcecode.c.h; path = AFURLSessionManager.h; sourceTree = "<group>"; };
		548382EA231129E1001987BA /* AFURLRequestSerialization.h */ = {isa = PBXFileReference; fileEncoding = 4; lastKnownFileType = sourcecode.c.h; path = AFURLRequestSerialization.h; sourceTree = "<group>"; };
		548382EB231129E1001987BA /* AFURLConnectionOperation.h */ = {isa = PBXFileReference; fileEncoding = 4; lastKnownFileType = sourcecode.c.h; path = AFURLConnectionOperation.h; sourceTree = "<group>"; };
		548382EC231129E1001987BA /* AFURLResponseSerialization.m */ = {isa = PBXFileReference; fileEncoding = 4; lastKnownFileType = sourcecode.c.objc; path = AFURLResponseSerialization.m; sourceTree = "<group>"; };
		548382ED231129E1001987BA /* AFHTTPSessionManager.m */ = {isa = PBXFileReference; fileEncoding = 4; lastKnownFileType = sourcecode.c.objc; path = AFHTTPSessionManager.m; sourceTree = "<group>"; };
		548382EE231129E1001987BA /* AFURLConnectionOperation.m */ = {isa = PBXFileReference; fileEncoding = 4; lastKnownFileType = sourcecode.c.objc; path = AFURLConnectionOperation.m; sourceTree = "<group>"; };
		548382EF231129E1001987BA /* AFURLResponseSerialization.h */ = {isa = PBXFileReference; fileEncoding = 4; lastKnownFileType = sourcecode.c.h; path = AFURLResponseSerialization.h; sourceTree = "<group>"; };
		548382F0231129E1001987BA /* AFURLSessionManager.m */ = {isa = PBXFileReference; fileEncoding = 4; lastKnownFileType = sourcecode.c.objc; path = AFURLSessionManager.m; sourceTree = "<group>"; };
		548382F1231129E1001987BA /* AFHTTPRequestOperationManager.m */ = {isa = PBXFileReference; fileEncoding = 4; lastKnownFileType = sourcecode.c.objc; path = AFHTTPRequestOperationManager.m; sourceTree = "<group>"; };
		548382F2231129E1001987BA /* AFURLRequestSerialization.m */ = {isa = PBXFileReference; fileEncoding = 4; lastKnownFileType = sourcecode.c.objc; path = AFURLRequestSerialization.m; sourceTree = "<group>"; };
		548382F3231129E1001987BA /* AFHTTPRequestOperation.m */ = {isa = PBXFileReference; fileEncoding = 4; lastKnownFileType = sourcecode.c.objc; path = AFHTTPRequestOperation.m; sourceTree = "<group>"; };
		548382F4231129E1001987BA /* AFNetworking.h */ = {isa = PBXFileReference; fileEncoding = 4; lastKnownFileType = sourcecode.c.h; path = AFNetworking.h; sourceTree = "<group>"; };
		548382F5231129E1001987BA /* AFNetworkReachabilityManager.m */ = {isa = PBXFileReference; fileEncoding = 4; lastKnownFileType = sourcecode.c.objc; path = AFNetworkReachabilityManager.m; sourceTree = "<group>"; };
		548382F6231129E1001987BA /* AFSecurityPolicy.m */ = {isa = PBXFileReference; fileEncoding = 4; lastKnownFileType = sourcecode.c.objc; path = AFSecurityPolicy.m; sourceTree = "<group>"; };
		548382F7231129E1001987BA /* AFHTTPSessionManager.h */ = {isa = PBXFileReference; fileEncoding = 4; lastKnownFileType = sourcecode.c.h; path = AFHTTPSessionManager.h; sourceTree = "<group>"; };
		5483830E231131E9001987BA /* MASCompositeConstraint.h */ = {isa = PBXFileReference; fileEncoding = 4; lastKnownFileType = sourcecode.c.h; path = MASCompositeConstraint.h; sourceTree = "<group>"; };
		5483830F231131E9001987BA /* NSLayoutConstraint+MASDebugAdditions.m */ = {isa = PBXFileReference; fileEncoding = 4; lastKnownFileType = sourcecode.c.objc; path = "NSLayoutConstraint+MASDebugAdditions.m"; sourceTree = "<group>"; };
		54838310231131E9001987BA /* MASConstraint+Private.h */ = {isa = PBXFileReference; fileEncoding = 4; lastKnownFileType = sourcecode.c.h; path = "MASConstraint+Private.h"; sourceTree = "<group>"; };
		54838311231131E9001987BA /* MASLayoutConstraint.h */ = {isa = PBXFileReference; fileEncoding = 4; lastKnownFileType = sourcecode.c.h; path = MASLayoutConstraint.h; sourceTree = "<group>"; };
		54838312231131E9001987BA /* NSArray+MASShorthandAdditions.h */ = {isa = PBXFileReference; fileEncoding = 4; lastKnownFileType = sourcecode.c.h; path = "NSArray+MASShorthandAdditions.h"; sourceTree = "<group>"; };
		54838313231131E9001987BA /* MASConstraintMaker.h */ = {isa = PBXFileReference; fileEncoding = 4; lastKnownFileType = sourcecode.c.h; path = MASConstraintMaker.h; sourceTree = "<group>"; };
		54838314231131E9001987BA /* View+MASAdditions.h */ = {isa = PBXFileReference; fileEncoding = 4; lastKnownFileType = sourcecode.c.h; path = "View+MASAdditions.h"; sourceTree = "<group>"; };
		54838315231131E9001987BA /* NSArray+MASAdditions.h */ = {isa = PBXFileReference; fileEncoding = 4; lastKnownFileType = sourcecode.c.h; path = "NSArray+MASAdditions.h"; sourceTree = "<group>"; };
		54838316231131E9001987BA /* MASUtilities.h */ = {isa = PBXFileReference; fileEncoding = 4; lastKnownFileType = sourcecode.c.h; path = MASUtilities.h; sourceTree = "<group>"; };
		54838317231131E9001987BA /* MASViewAttribute.h */ = {isa = PBXFileReference; fileEncoding = 4; lastKnownFileType = sourcecode.c.h; path = MASViewAttribute.h; sourceTree = "<group>"; };
		54838318231131E9001987BA /* ViewController+MASAdditions.m */ = {isa = PBXFileReference; fileEncoding = 4; lastKnownFileType = sourcecode.c.objc; path = "ViewController+MASAdditions.m"; sourceTree = "<group>"; };
		54838319231131E9001987BA /* MASViewConstraint.h */ = {isa = PBXFileReference; fileEncoding = 4; lastKnownFileType = sourcecode.c.h; path = MASViewConstraint.h; sourceTree = "<group>"; };
		5483831A231131E9001987BA /* MASConstraint.h */ = {isa = PBXFileReference; fileEncoding = 4; lastKnownFileType = sourcecode.c.h; path = MASConstraint.h; sourceTree = "<group>"; };
		5483831B231131E9001987BA /* NSLayoutConstraint+MASDebugAdditions.h */ = {isa = PBXFileReference; fileEncoding = 4; lastKnownFileType = sourcecode.c.h; path = "NSLayoutConstraint+MASDebugAdditions.h"; sourceTree = "<group>"; };
		5483831C231131E9001987BA /* MASCompositeConstraint.m */ = {isa = PBXFileReference; fileEncoding = 4; lastKnownFileType = sourcecode.c.objc; path = MASCompositeConstraint.m; sourceTree = "<group>"; };
		5483831D231131E9001987BA /* MASConstraintMaker.m */ = {isa = PBXFileReference; fileEncoding = 4; lastKnownFileType = sourcecode.c.objc; path = MASConstraintMaker.m; sourceTree = "<group>"; };
		5483831E231131E9001987BA /* MASLayoutConstraint.m */ = {isa = PBXFileReference; fileEncoding = 4; lastKnownFileType = sourcecode.c.objc; path = MASLayoutConstraint.m; sourceTree = "<group>"; };
		5483831F231131E9001987BA /* NSArray+MASAdditions.m */ = {isa = PBXFileReference; fileEncoding = 4; lastKnownFileType = sourcecode.c.objc; path = "NSArray+MASAdditions.m"; sourceTree = "<group>"; };
		54838320231131E9001987BA /* View+MASAdditions.m */ = {isa = PBXFileReference; fileEncoding = 4; lastKnownFileType = sourcecode.c.objc; path = "View+MASAdditions.m"; sourceTree = "<group>"; };
		54838321231131E9001987BA /* View+MASShorthandAdditions.h */ = {isa = PBXFileReference; fileEncoding = 4; lastKnownFileType = sourcecode.c.h; path = "View+MASShorthandAdditions.h"; sourceTree = "<group>"; };
		54838322231131E9001987BA /* Masonry.h */ = {isa = PBXFileReference; fileEncoding = 4; lastKnownFileType = sourcecode.c.h; path = Masonry.h; sourceTree = "<group>"; };
		54838323231131E9001987BA /* MASConstraint.m */ = {isa = PBXFileReference; fileEncoding = 4; lastKnownFileType = sourcecode.c.objc; path = MASConstraint.m; sourceTree = "<group>"; };
		54838324231131E9001987BA /* ViewController+MASAdditions.h */ = {isa = PBXFileReference; fileEncoding = 4; lastKnownFileType = sourcecode.c.h; path = "ViewController+MASAdditions.h"; sourceTree = "<group>"; };
		54838325231131E9001987BA /* MASViewConstraint.m */ = {isa = PBXFileReference; fileEncoding = 4; lastKnownFileType = sourcecode.c.objc; path = MASViewConstraint.m; sourceTree = "<group>"; };
		54838326231131E9001987BA /* MASViewAttribute.m */ = {isa = PBXFileReference; fileEncoding = 4; lastKnownFileType = sourcecode.c.objc; path = MASViewAttribute.m; sourceTree = "<group>"; };
		9451043E2301921E00B6944F /* HistoryViewController.swift */ = {isa = PBXFileReference; lastKnownFileType = sourcecode.swift; path = HistoryViewController.swift; sourceTree = "<group>"; };
		94779FF322FDAE3C0040BA40 /* MenuTableView.swift */ = {isa = PBXFileReference; fileEncoding = 4; lastKnownFileType = sourcecode.swift; path = MenuTableView.swift; sourceTree = "<group>"; };
		94BBCDD72300611C00FC3792 /* SideMenuTableViewController.swift */ = {isa = PBXFileReference; lastKnownFileType = sourcecode.swift; path = SideMenuTableViewController.swift; sourceTree = "<group>"; };
		94E0E700DCD9992873EF28A8 /* Pods-KrueAgeCalculator.debug.xcconfig */ = {isa = PBXFileReference; includeInIndex = 1; lastKnownFileType = text.xcconfig; name = "Pods-KrueAgeCalculator.debug.xcconfig"; path = "Target Support Files/Pods-KrueAgeCalculator/Pods-KrueAgeCalculator.debug.xcconfig"; sourceTree = "<group>"; };
		B6F3B4BE4E8CEE1C79A1961C /* Pods-KrueAgeCalculator.release.xcconfig */ = {isa = PBXFileReference; includeInIndex = 1; lastKnownFileType = text.xcconfig; name = "Pods-KrueAgeCalculator.release.xcconfig"; path = "Target Support Files/Pods-KrueAgeCalculator/Pods-KrueAgeCalculator.release.xcconfig"; sourceTree = "<group>"; };
/* End PBXFileReference section */

/* Begin PBXFrameworksBuildPhase section */
		188B68AD22F2E0F800388040 /* Frameworks */ = {
			isa = PBXFrameworksBuildPhase;
			buildActionMask = 2147483647;
			files = (
				AA7EE61C55A646AB0666C1A7 /* Pods_KrueAgeCalculator.framework in Frameworks */,
			);
			runOnlyForDeploymentPostprocessing = 0;
		};
/* End PBXFrameworksBuildPhase section */

/* Begin PBXGroup section */
		073FE403A29FC5E7E4C21071 /* Frameworks */ = {
			isa = PBXGroup;
			children = (
				42B1FF83DD2669ED30E0B2A4 /* Pods_KrueAgeCalculator.framework */,
			);
			name = Frameworks;
			sourceTree = "<group>";
		};
		188B68A722F2E0F800388040 = {
			isa = PBXGroup;
			children = (
				188B68B222F2E0F800388040 /* KrueAgeCalculator */,
				188B68B122F2E0F800388040 /* Products */,
				D7F08903CBD05BE29AD08146 /* Pods */,
				073FE403A29FC5E7E4C21071 /* Frameworks */,
			);
			sourceTree = "<group>";
		};
		188B68B122F2E0F800388040 /* Products */ = {
			isa = PBXGroup;
			children = (
				188B68B022F2E0F800388040 /* KrueAgeCalculator.app */,
			);
			name = Products;
			sourceTree = "<group>";
		};
		188B68B222F2E0F800388040 /* KrueAgeCalculator */ = {
			isa = PBXGroup;
			children = (
				5483830B231131E9001987BA /* Masonry */,
				548382CF231129E0001987BA /* AFNetworking */,
				5483824C231123AF001987BA /* EEDetailVC.h */,
				5483824B231123AF001987BA /* EEDetailVC.m */,
				5483824A231123AF001987BA /* EEDetailVC.xib */,
				188B68B322F2E0F800388040 /* AppDelegate.swift */,
				188B68B522F2E0F800388040 /* ViewController.swift */,
				94779FF322FDAE3C0040BA40 /* MenuTableView.swift */,
				94BBCDD72300611C00FC3792 /* SideMenuTableViewController.swift */,
				188B68CA22F2F40400388040 /* FindYourAgeViewController.swift */,
				188B68CC22F2F42600388040 /* SaveBirthdayViewController.swift */,
				9451043E2301921E00B6944F /* HistoryViewController.swift */,
				188B68CE22F2F43300388040 /* AddBirthdayViewController.swift */,
				188B68D022F2F4B200388040 /* AboutAppViewController.swift */,
				188B68C822F2E13500388040 /* Helper.swift */,
				188B68B722F2E0F800388040 /* Main.storyboard */,
				188B68BD22F2E0FC00388040 /* Assets.xcassets */,
				188B68BF22F2E0FC00388040 /* LaunchScreen.storyboard */,
				188B68C222F2E0FC00388040 /* Info.plist */,
				188B68BA22F2E0F800388040 /* KrueAgeCalculator.xcdatamodeld */,
				54838249231123AE001987BA /* KrueAgeCalculator-Bridging-Header.h */,
			);
			path = KrueAgeCalculator;
			sourceTree = "<group>";
		};
		548382CF231129E0001987BA /* AFNetworking */ = {
			isa = PBXGroup;
			children = (
				548382D2231129E0001987BA /* UIKit+AFNetworking */,
				548382E4231129E1001987BA /* AFNetworking */,
			);
			path = AFNetworking;
			sourceTree = "<group>";
		};
		548382D2231129E0001987BA /* UIKit+AFNetworking */ = {
			isa = PBXGroup;
			children = (
				548382D3231129E0001987BA /* UIAlertView+AFNetworking.m */,
				548382D4231129E1001987BA /* UIProgressView+AFNetworking.m */,
				548382D5231129E1001987BA /* UIButton+AFNetworking.h */,
				548382D6231129E1001987BA /* UIRefreshControl+AFNetworking.m */,
				548382D7231129E1001987BA /* UIImageView+AFNetworking.h */,
				548382D8231129E1001987BA /* AFNetworkActivityIndicatorManager.m */,
				548382D9231129E1001987BA /* UIWebView+AFNetworking.h */,
				548382DA231129E1001987BA /* UIActivityIndicatorView+AFNetworking.h */,
				548382DB231129E1001987BA /* UIAlertView+AFNetworking.h */,
				548382DC231129E1001987BA /* UIProgressView+AFNetworking.h */,
				548382DD231129E1001987BA /* UIImageView+AFNetworking.m */,
				548382DE231129E1001987BA /* UIKit+AFNetworking.h */,
				548382DF231129E1001987BA /* UIRefreshControl+AFNetworking.h */,
				548382E0231129E1001987BA /* UIButton+AFNetworking.m */,
				548382E1231129E1001987BA /* UIActivityIndicatorView+AFNetworking.m */,
				548382E2231129E1001987BA /* UIWebView+AFNetworking.m */,
				548382E3231129E1001987BA /* AFNetworkActivityIndicatorManager.h */,
			);
			path = "UIKit+AFNetworking";
			sourceTree = "<group>";
		};
		548382E4231129E1001987BA /* AFNetworking */ = {
			isa = PBXGroup;
			children = (
				548382E5231129E1001987BA /* AFSecurityPolicy.h */,
				548382E6231129E1001987BA /* AFNetworkReachabilityManager.h */,
				548382E7231129E1001987BA /* AFHTTPRequestOperation.h */,
				548382E8231129E1001987BA /* AFHTTPRequestOperationManager.h */,
				548382E9231129E1001987BA /* AFURLSessionManager.h */,
				548382EA231129E1001987BA /* AFURLRequestSerialization.h */,
				548382EB231129E1001987BA /* AFURLConnectionOperation.h */,
				548382EC231129E1001987BA /* AFURLResponseSerialization.m */,
				548382ED231129E1001987BA /* AFHTTPSessionManager.m */,
				548382EE231129E1001987BA /* AFURLConnectionOperation.m */,
				548382EF231129E1001987BA /* AFURLResponseSerialization.h */,
				548382F0231129E1001987BA /* AFURLSessionManager.m */,
				548382F1231129E1001987BA /* AFHTTPRequestOperationManager.m */,
				548382F2231129E1001987BA /* AFURLRequestSerialization.m */,
				548382F3231129E1001987BA /* AFHTTPRequestOperation.m */,
				548382F4231129E1001987BA /* AFNetworking.h */,
				548382F5231129E1001987BA /* AFNetworkReachabilityManager.m */,
				548382F6231129E1001987BA /* AFSecurityPolicy.m */,
				548382F7231129E1001987BA /* AFHTTPSessionManager.h */,
			);
			path = AFNetworking;
			sourceTree = "<group>";
		};
		5483830B231131E9001987BA /* Masonry */ = {
			isa = PBXGroup;
			children = (
				5483830D231131E9001987BA /* Masonry */,
			);
			path = Masonry;
			sourceTree = "<group>";
		};
		5483830D231131E9001987BA /* Masonry */ = {
			isa = PBXGroup;
			children = (
				5483830E231131E9001987BA /* MASCompositeConstraint.h */,
				5483830F231131E9001987BA /* NSLayoutConstraint+MASDebugAdditions.m */,
				54838310231131E9001987BA /* MASConstraint+Private.h */,
				54838311231131E9001987BA /* MASLayoutConstraint.h */,
				54838312231131E9001987BA /* NSArray+MASShorthandAdditions.h */,
				54838313231131E9001987BA /* MASConstraintMaker.h */,
				54838314231131E9001987BA /* View+MASAdditions.h */,
				54838315231131E9001987BA /* NSArray+MASAdditions.h */,
				54838316231131E9001987BA /* MASUtilities.h */,
				54838317231131E9001987BA /* MASViewAttribute.h */,
				54838318231131E9001987BA /* ViewController+MASAdditions.m */,
				54838319231131E9001987BA /* MASViewConstraint.h */,
				5483831A231131E9001987BA /* MASConstraint.h */,
				5483831B231131E9001987BA /* NSLayoutConstraint+MASDebugAdditions.h */,
				5483831C231131E9001987BA /* MASCompositeConstraint.m */,
				5483831D231131E9001987BA /* MASConstraintMaker.m */,
				5483831E231131E9001987BA /* MASLayoutConstraint.m */,
				5483831F231131E9001987BA /* NSArray+MASAdditions.m */,
				54838320231131E9001987BA /* View+MASAdditions.m */,
				54838321231131E9001987BA /* View+MASShorthandAdditions.h */,
				54838322231131E9001987BA /* Masonry.h */,
				54838323231131E9001987BA /* MASConstraint.m */,
				54838324231131E9001987BA /* ViewController+MASAdditions.h */,
				54838325231131E9001987BA /* MASViewConstraint.m */,
				54838326231131E9001987BA /* MASViewAttribute.m */,
			);
			path = Masonry;
			sourceTree = "<group>";
		};
		D7F08903CBD05BE29AD08146 /* Pods */ = {
			isa = PBXGroup;
			children = (
				94E0E700DCD9992873EF28A8 /* Pods-KrueAgeCalculator.debug.xcconfig */,
				B6F3B4BE4E8CEE1C79A1961C /* Pods-KrueAgeCalculator.release.xcconfig */,
			);
			path = Pods;
			sourceTree = "<group>";
		};
/* End PBXGroup section */

/* Begin PBXNativeTarget section */
		188B68AF22F2E0F800388040 /* KrueAgeCalculator */ = {
			isa = PBXNativeTarget;
			buildConfigurationList = 188B68C522F2E0FC00388040 /* Build configuration list for PBXNativeTarget "KrueAgeCalculator" */;
			buildPhases = (
				EEE62CEFB702A56EA630850B /* [CP] Check Pods Manifest.lock */,
				188B68AC22F2E0F800388040 /* Sources */,
				188B68AD22F2E0F800388040 /* Frameworks */,
				188B68AE22F2E0F800388040 /* Resources */,
				EEAC2825929D3E7B14B6572A /* [CP] Embed Pods Frameworks */,
			);
			buildRules = (
			);
			dependencies = (
			);
			name = KrueAgeCalculator;
			productName = SmartAgeCalculator;
			productReference = 188B68B022F2E0F800388040 /* KrueAgeCalculator.app */;
			productType = "com.apple.product-type.application";
		};
/* End PBXNativeTarget section */

/* Begin PBXProject section */
		188B68A822F2E0F800388040 /* Project object */ = {
			isa = PBXProject;
			attributes = {
				LastSwiftUpdateCheck = 1010;
				LastUpgradeCheck = 1010;
				ORGANIZATIONNAME = "AlienBrainz Softwares Pvt. Ltd";
				TargetAttributes = {
					188B68AF22F2E0F800388040 = {
						CreatedOnToolsVersion = 10.1;
						LastSwiftMigration = 1030;
					};
				};
			};
			buildConfigurationList = 188B68AB22F2E0F800388040 /* Build configuration list for PBXProject "KrueAgeCalculator" */;
			compatibilityVersion = "Xcode 9.3";
			developmentRegion = en;
			hasScannedForEncodings = 0;
			knownRegions = (
				en,
				Base,
			);
			mainGroup = 188B68A722F2E0F800388040;
			productRefGroup = 188B68B122F2E0F800388040 /* Products */;
			projectDirPath = "";
			projectRoot = "";
			targets = (
				188B68AF22F2E0F800388040 /* KrueAgeCalculator */,
			);
		};
/* End PBXProject section */

/* Begin PBXResourcesBuildPhase section */
		188B68AE22F2E0F800388040 /* Resources */ = {
			isa = PBXResourcesBuildPhase;
			buildActionMask = 2147483647;
			files = (
				188B68C122F2E0FC00388040 /* LaunchScreen.storyboard in Resources */,
				5483824D231123AF001987BA /* EEDetailVC.xib in Resources */,
				188B68BE22F2E0FC00388040 /* Assets.xcassets in Resources */,
				188B68B922F2E0F800388040 /* Main.storyboard in Resources */,
			);
			runOnlyForDeploymentPostprocessing = 0;
		};
/* End PBXResourcesBuildPhase section */

/* Begin PBXShellScriptBuildPhase section */
		EEAC2825929D3E7B14B6572A /* [CP] Embed Pods Frameworks */ = {
			isa = PBXShellScriptBuildPhase;
			buildActionMask = 2147483647;
			files = (
			);
			inputFileListPaths = (
				"${PODS_ROOT}/Target Support Files/Pods-KrueAgeCalculator/Pods-KrueAgeCalculator-frameworks-${CONFIGURATION}-input-files.xcfilelist",
			);
			name = "[CP] Embed Pods Frameworks";
			outputFileListPaths = (
				"${PODS_ROOT}/Target Support Files/Pods-KrueAgeCalculator/Pods-KrueAgeCalculator-frameworks-${CONFIGURATION}-output-files.xcfilelist",
			);
			runOnlyForDeploymentPostprocessing = 0;
			shellPath = /bin/sh;
			shellScript = "\"${PODS_ROOT}/Target Support Files/Pods-KrueAgeCalculator/Pods-KrueAgeCalculator-frameworks.sh\"\n";
			showEnvVarsInLog = 0;
		};
		EEE62CEFB702A56EA630850B /* [CP] Check Pods Manifest.lock */ = {
			isa = PBXShellScriptBuildPhase;
			buildActionMask = 2147483647;
			files = (
			);
			inputFileListPaths = (
			);
			inputPaths = (
				"${PODS_PODFILE_DIR_PATH}/Podfile.lock",
				"${PODS_ROOT}/Manifest.lock",
			);
			name = "[CP] Check Pods Manifest.lock";
			outputFileListPaths = (
			);
			outputPaths = (
				"$(DERIVED_FILE_DIR)/Pods-KrueAgeCalculator-checkManifestLockResult.txt",
			);
			runOnlyForDeploymentPostprocessing = 0;
			shellPath = /bin/sh;
			shellScript = "diff \"${PODS_PODFILE_DIR_PATH}/Podfile.lock\" \"${PODS_ROOT}/Manifest.lock\" > /dev/null\nif [ $? != 0 ] ; then\n    # print error to STDERR\n    echo \"error: The sandbox is not in sync with the Podfile.lock. Run 'pod install' or update your CocoaPods installation.\" >&2\n    exit 1\nfi\n# This output is used by Xcode 'outputs' to avoid re-running this script phase.\necho \"SUCCESS\" > \"${SCRIPT_OUTPUT_FILE_0}\"\n";
			showEnvVarsInLog = 0;
		};
/* End PBXShellScriptBuildPhase section */

/* Begin PBXSourcesBuildPhase section */
		188B68AC22F2E0F800388040 /* Sources */ = {
			isa = PBXSourcesBuildPhase;
			buildActionMask = 2147483647;
			files = (
				188B68B622F2E0F800388040 /* ViewController.swift in Sources */,
				54838301231129E1001987BA /* UIWebView+AFNetworking.m in Sources */,
				5483824E231123AF001987BA /* EEDetailVC.m in Sources */,
				54838331231131E9001987BA /* MASViewConstraint.m in Sources */,
				54838300231129E1001987BA /* UIActivityIndicatorView+AFNetworking.m in Sources */,
				188B68B422F2E0F800388040 /* AppDelegate.swift in Sources */,
				54838306231129E1001987BA /* AFHTTPRequestOperationManager.m in Sources */,
				54838305231129E1001987BA /* AFURLSessionManager.m in Sources */,
				5483832E231131E9001987BA /* NSArray+MASAdditions.m in Sources */,
				54838330231131E9001987BA /* MASConstraint.m in Sources */,
				5483832F231131E9001987BA /* View+MASAdditions.m in Sources */,
				54838307231129E1001987BA /* AFURLRequestSerialization.m in Sources */,
				188B68D122F2F4B200388040 /* AboutAppViewController.swift in Sources */,
				54838309231129E1001987BA /* AFNetworkReachabilityManager.m in Sources */,
				54838303231129E1001987BA /* AFHTTPSessionManager.m in Sources */,
				54838302231129E1001987BA /* AFURLResponseSerialization.m in Sources */,
				5483832B231131E9001987BA /* MASCompositeConstraint.m in Sources */,
				548382FD231129E1001987BA /* AFNetworkActivityIndicatorManager.m in Sources */,
				548382FC231129E1001987BA /* UIRefreshControl+AFNetworking.m in Sources */,
				54838308231129E1001987BA /* AFHTTPRequestOperation.m in Sources */,
				5483830A231129E1001987BA /* AFSecurityPolicy.m in Sources */,
				188B68CF22F2F43300388040 /* AddBirthdayViewController.swift in Sources */,
				94779FF422FDAE3D0040BA40 /* MenuTableView.swift in Sources */,
				548382FF231129E1001987BA /* UIButton+AFNetworking.m in Sources */,
				5483832C231131E9001987BA /* MASConstraintMaker.m in Sources */,
				9451043F2301921E00B6944F /* HistoryViewController.swift in Sources */,
				5483832A231131E9001987BA /* ViewController+MASAdditions.m in Sources */,
				548382FB231129E1001987BA /* UIProgressView+AFNetworking.m in Sources */,
				548382FE231129E1001987BA /* UIImageView+AFNetworking.m in Sources */,
				188B68BC22F2E0F800388040 /* KrueAgeCalculator.xcdatamodeld in Sources */,
				54838329231131E9001987BA /* NSLayoutConstraint+MASDebugAdditions.m in Sources */,
				54838304231129E1001987BA /* AFURLConnectionOperation.m in Sources */,
				5483832D231131E9001987BA /* MASLayoutConstraint.m in Sources */,
				188B68C922F2E13500388040 /* Helper.swift in Sources */,
				188B68CD22F2F42600388040 /* SaveBirthdayViewController.swift in Sources */,
				548382FA231129E1001987BA /* UIAlertView+AFNetworking.m in Sources */,
				188B68CB22F2F40400388040 /* FindYourAgeViewController.swift in Sources */,
				94BBCDD82300611C00FC3792 /* SideMenuTableViewController.swift in Sources */,
				54838332231131E9001987BA /* MASViewAttribute.m in Sources */,
			);
			runOnlyForDeploymentPostprocessing = 0;
		};
/* End PBXSourcesBuildPhase section */

/* Begin PBXVariantGroup section */
		188B68B722F2E0F800388040 /* Main.storyboard */ = {
			isa = PBXVariantGroup;
			children = (
				188B68B822F2E0F800388040 /* Base */,
			);
			name = Main.storyboard;
			sourceTree = "<group>";
		};
		188B68BF22F2E0FC00388040 /* LaunchScreen.storyboard */ = {
			isa = PBXVariantGroup;
			children = (
				188B68C022F2E0FC00388040 /* Base */,
			);
			name = LaunchScreen.storyboard;
			sourceTree = "<group>";
		};
/* End PBXVariantGroup section */

/* Begin XCBuildConfiguration section */
		188B68C322F2E0FC00388040 /* Debug */ = {
			isa = XCBuildConfiguration;
			buildSettings = {
				ALWAYS_SEARCH_USER_PATHS = NO;
				CLANG_ANALYZER_NONNULL = YES;
				CLANG_ANALYZER_NUMBER_OBJECT_CONVERSION = YES_AGGRESSIVE;
				CLANG_CXX_LANGUAGE_STANDARD = "gnu++14";
				CLANG_CXX_LIBRARY = "libc++";
				CLANG_ENABLE_MODULES = YES;
				CLANG_ENABLE_OBJC_ARC = YES;
				CLANG_ENABLE_OBJC_WEAK = YES;
				CLANG_WARN_BLOCK_CAPTURE_AUTORELEASING = YES;
				CLANG_WARN_BOOL_CONVERSION = YES;
				CLANG_WARN_COMMA = YES;
				CLANG_WARN_CONSTANT_CONVERSION = YES;
				CLANG_WARN_DEPRECATED_OBJC_IMPLEMENTATIONS = YES;
				CLANG_WARN_DIRECT_OBJC_ISA_USAGE = YES_ERROR;
				CLANG_WARN_DOCUMENTATION_COMMENTS = YES;
				CLANG_WARN_EMPTY_BODY = YES;
				CLANG_WARN_ENUM_CONVERSION = YES;
				CLANG_WARN_INFINITE_RECURSION = YES;
				CLANG_WARN_INT_CONVERSION = YES;
				CLANG_WARN_NON_LITERAL_NULL_CONVERSION = YES;
				CLANG_WARN_OBJC_IMPLICIT_RETAIN_SELF = YES;
				CLANG_WARN_OBJC_LITERAL_CONVERSION = YES;
				CLANG_WARN_OBJC_ROOT_CLASS = YES_ERROR;
				CLANG_WARN_RANGE_LOOP_ANALYSIS = YES;
				CLANG_WARN_STRICT_PROTOTYPES = YES;
				CLANG_WARN_SUSPICIOUS_MOVE = YES;
				CLANG_WARN_UNGUARDED_AVAILABILITY = YES_AGGRESSIVE;
				CLANG_WARN_UNREACHABLE_CODE = YES;
				CLANG_WARN__DUPLICATE_METHOD_MATCH = YES;
				CODE_SIGN_IDENTITY = "iPhone Developer";
				COPY_PHASE_STRIP = NO;
				DEBUG_INFORMATION_FORMAT = dwarf;
				ENABLE_STRICT_OBJC_MSGSEND = YES;
				ENABLE_TESTABILITY = YES;
				GCC_C_LANGUAGE_STANDARD = gnu11;
				GCC_DYNAMIC_NO_PIC = NO;
				GCC_NO_COMMON_BLOCKS = YES;
				GCC_OPTIMIZATION_LEVEL = 0;
				GCC_PREPROCESSOR_DEFINITIONS = (
					"DEBUG=1",
					"$(inherited)",
				);
				GCC_WARN_64_TO_32_BIT_CONVERSION = YES;
				GCC_WARN_ABOUT_RETURN_TYPE = YES_ERROR;
				GCC_WARN_UNDECLARED_SELECTOR = YES;
				GCC_WARN_UNINITIALIZED_AUTOS = YES_AGGRESSIVE;
				GCC_WARN_UNUSED_FUNCTION = YES;
				GCC_WARN_UNUSED_VARIABLE = YES;
				IPHONEOS_DEPLOYMENT_TARGET = 10.0;
				MTL_ENABLE_DEBUG_INFO = INCLUDE_SOURCE;
				MTL_FAST_MATH = YES;
				ONLY_ACTIVE_ARCH = YES;
				SDKROOT = iphoneos;
				SWIFT_ACTIVE_COMPILATION_CONDITIONS = DEBUG;
				SWIFT_OPTIMIZATION_LEVEL = "-Onone";
			};
			name = Debug;
		};
		188B68C422F2E0FC00388040 /* Release */ = {
			isa = XCBuildConfiguration;
			buildSettings = {
				ALWAYS_SEARCH_USER_PATHS = NO;
				CLANG_ANALYZER_NONNULL = YES;
				CLANG_ANALYZER_NUMBER_OBJECT_CONVERSION = YES_AGGRESSIVE;
				CLANG_CXX_LANGUAGE_STANDARD = "gnu++14";
				CLANG_CXX_LIBRARY = "libc++";
				CLANG_ENABLE_MODULES = YES;
				CLANG_ENABLE_OBJC_ARC = YES;
				CLANG_ENABLE_OBJC_WEAK = YES;
				CLANG_WARN_BLOCK_CAPTURE_AUTORELEASING = YES;
				CLANG_WARN_BOOL_CONVERSION = YES;
				CLANG_WARN_COMMA = YES;
				CLANG_WARN_CONSTANT_CONVERSION = YES;
				CLANG_WARN_DEPRECATED_OBJC_IMPLEMENTATIONS = YES;
				CLANG_WARN_DIRECT_OBJC_ISA_USAGE = YES_ERROR;
				CLANG_WARN_DOCUMENTATION_COMMENTS = YES;
				CLANG_WARN_EMPTY_BODY = YES;
				CLANG_WARN_ENUM_CONVERSION = YES;
				CLANG_WARN_INFINITE_RECURSION = YES;
				CLANG_WARN_INT_CONVERSION = YES;
				CLANG_WARN_NON_LITERAL_NULL_CONVERSION = YES;
				CLANG_WARN_OBJC_IMPLICIT_RETAIN_SELF = YES;
				CLANG_WARN_OBJC_LITERAL_CONVERSION = YES;
				CLANG_WARN_OBJC_ROOT_CLASS = YES_ERROR;
				CLANG_WARN_RANGE_LOOP_ANALYSIS = YES;
				CLANG_WARN_STRICT_PROTOTYPES = YES;
				CLANG_WARN_SUSPICIOUS_MOVE = YES;
				CLANG_WARN_UNGUARDED_AVAILABILITY = YES_AGGRESSIVE;
				CLANG_WARN_UNREACHABLE_CODE = YES;
				CLANG_WARN__DUPLICATE_METHOD_MATCH = YES;
				CODE_SIGN_IDENTITY = "iPhone Developer";
				COPY_PHASE_STRIP = NO;
				DEBUG_INFORMATION_FORMAT = "dwarf-with-dsym";
				ENABLE_NS_ASSERTIONS = NO;
				ENABLE_STRICT_OBJC_MSGSEND = YES;
				GCC_C_LANGUAGE_STANDARD = gnu11;
				GCC_NO_COMMON_BLOCKS = YES;
				GCC_WARN_64_TO_32_BIT_CONVERSION = YES;
				GCC_WARN_ABOUT_RETURN_TYPE = YES_ERROR;
				GCC_WARN_UNDECLARED_SELECTOR = YES;
				GCC_WARN_UNINITIALIZED_AUTOS = YES_AGGRESSIVE;
				GCC_WARN_UNUSED_FUNCTION = YES;
				GCC_WARN_UNUSED_VARIABLE = YES;
				IPHONEOS_DEPLOYMENT_TARGET = 10.0;
				MTL_ENABLE_DEBUG_INFO = NO;
				MTL_FAST_MATH = YES;
				SDKROOT = iphoneos;
				SWIFT_COMPILATION_MODE = wholemodule;
				SWIFT_OPTIMIZATION_LEVEL = "-O";
				VALIDATE_PRODUCT = YES;
			};
			name = Release;
		};
		188B68C622F2E0FC00388040 /* Debug */ = {
			isa = XCBuildConfiguration;
			baseConfigurationReference = 94E0E700DCD9992873EF28A8 /* Pods-KrueAgeCalculator.debug.xcconfig */;
			buildSettings = {
				ASSETCATALOG_COMPILER_APPICON_NAME = AppIcon;
				CLANG_ENABLE_MODULES = YES;
				CODE_SIGN_STYLE = Automatic;
				DEVELOPMENT_TEAM = 4R8WXFYB4H;
				INFOPLIST_FILE = "$(SRCROOT)/KrueAgeCalculator/Info.plist";
				IPHONEOS_DEPLOYMENT_TARGET = 10.0;
				LD_RUNPATH_SEARCH_PATHS = (
					"$(inherited)",
					"@executable_path/Frameworks",
				);
				PRODUCT_BUNDLE_IDENTIFIER = com.KrickFire.KrueAgeCalculator;
				PRODUCT_NAME = "$(TARGET_NAME)";
				SWIFT_OBJC_BRIDGING_HEADER = "KrueAgeCalculator/KrueAgeCalculator-Bridging-Header.h";
				SWIFT_OPTIMIZATION_LEVEL = "-Onone";
				SWIFT_VERSION = 4.2;
				TARGETED_DEVICE_FAMILY = 1;
			};
			name = Debug;
		};
		188B68C722F2E0FC00388040 /* Release */ = {
			isa = XCBuildConfiguration;
			baseConfigurationReference = B6F3B4BE4E8CEE1C79A1961C /* Pods-KrueAgeCalculator.release.xcconfig */;
			buildSettings = {
				ASSETCATALOG_COMPILER_APPICON_NAME = AppIcon;
				CLANG_ENABLE_MODULES = YES;
				CODE_SIGN_STYLE = Automatic;
				DEVELOPMENT_TEAM = 4R8WXFYB4H;
				INFOPLIST_FILE = "$(SRCROOT)/KrueAgeCalculator/Info.plist";
				IPHONEOS_DEPLOYMENT_TARGET = 10.0;
				LD_RUNPATH_SEARCH_PATHS = (
					"$(inherited)",
					"@executable_path/Frameworks",
				);
				PRODUCT_BUNDLE_IDENTIFIER = com.KrickFire.KrueAgeCalculator;
				PRODUCT_NAME = "$(TARGET_NAME)";
				SWIFT_OBJC_BRIDGING_HEADER = "KrueAgeCalculator/KrueAgeCalculator-Bridging-Header.h";
				SWIFT_VERSION = 4.2;
				TARGETED_DEVICE_FAMILY = 1;
			};
			name = Release;
		};
/* End XCBuildConfiguration section */

/* Begin XCConfigurationList section */
		188B68AB22F2E0F800388040 /* Build configuration list for PBXProject "KrueAgeCalculator" */ = {
			isa = XCConfigurationList;
			buildConfigurations = (
				188B68C322F2E0FC00388040 /* Debug */,
				188B68C422F2E0FC00388040 /* Release */,
			);
			defaultConfigurationIsVisible = 0;
			defaultConfigurationName = Release;
		};
		188B68C522F2E0FC00388040 /* Build configuration list for PBXNativeTarget "KrueAgeCalculator" */ = {
			isa = XCConfigurationList;
			buildConfigurations = (
				188B68C622F2E0FC00388040 /* Debug */,
				188B68C722F2E0FC00388040 /* Release */,
			);
			defaultConfigurationIsVisible = 0;
			defaultConfigurationName = Release;
		};
/* End XCConfigurationList section */

/* Begin XCVersionGroup section */
		188B68BA22F2E0F800388040 /* KrueAgeCalculator.xcdatamodeld */ = {
			isa = XCVersionGroup;
			children = (
				188B68BB22F2E0F800388040 /* SmartAgeCalculator.xcdatamodel */,
			);
			currentVersion = 188B68BB22F2E0F800388040 /* SmartAgeCalculator.xcdatamodel */;
			path = KrueAgeCalculator.xcdatamodeld;
			sourceTree = "<group>";
			versionGroupType = wrapper.xcdatamodel;
		};
/* End XCVersionGroup section */
	};
	rootObject = 188B68A822F2E0F800388040 /* Project object */;
}
